
Microsoft Visual Studio Solution File, Format Version 12.00
# Visual Studio Version 17
VisualStudioVersion = 17.4.33205.214
MinimumVisualStudioVersion = 10.0.40219.1
Project("{FAE04EC0-301F-11D3-BF4B-00C04F79EFBC}") = "Contact", "Contact\Contact.csproj", "{FB3C5578-54B9-421C-B4D8-9107C3988F9A}"
EndProject
Project("{FAE04EC0-301F-11D3-BF4B-00C04F79EFBC}") = "Report", "Report\Report.csproj", "{799C090B-BF2E-4683-819D-B5B02601ECEE}"
EndProject
Global
	GlobalSection(SolutionConfigurationPlatforms) = preSolution
		Debug|Any CPU = Debug|Any CPU
		Release|Any CPU = Release|Any CPU
	EndGlobalSection
	GlobalSection(ProjectConfigurationPlatforms) = postSolution
		{FB3C5578-54B9-421C-B4D8-9107C3988F9A}.Debug|Any CPU.ActiveCfg = Debug|Any CPU
		{FB3C5578-54B9-421C-B4D8-9107C3988F9A}.Debug|Any CPU.Build.0 = Debug|Any CPU
		{FB3C5578-54B9-421C-B4D8-9107C3988F9A}.Release|Any CPU.ActiveCfg = Release|Any CPU
		{FB3C5578-54B9-421C-B4D8-9107C3988F9A}.Release|Any CPU.Build.0 = Release|Any CPU
		{799C090B-BF2E-4683-819D-B5B02601ECEE}.Debug|Any CPU.ActiveCfg = Debug|Any CPU
		{799C090B-BF2E-4683-819D-B5B02601ECEE}.Debug|Any CPU.Build.0 = Debug|Any CPU
		{799C090B-BF2E-4683-819D-B5B02601ECEE}.Release|Any CPU.ActiveCfg = Release|Any CPU
		{799C090B-BF2E-4683-819D-B5B02601ECEE}.Release|Any CPU.Build.0 = Release|Any CPU
	EndGlobalSection
	GlobalSection(SolutionProperties) = preSolution
		HideSolutionNode = FALSE
	EndGlobalSection
	GlobalSection(ExtensibilityGlobals) = postSolution
		SolutionGuid = {2398C784-68D0-481D-A096-344686E30A08}
	EndGlobalSection
EndGlobal
